
Microsoft Visual Studio Solution File, Format Version 12.00
# Visual Studio Version 16
VisualStudioVersion = 16.0.31911.196
MinimumVisualStudioVersion = 10.0.40219.1
Project("{FAE04EC0-301F-11D3-BF4B-00C04F79EFBC}") = "ELECTRONICBILL", "ELECTRONICBILL.csproj", "{3E8D2523-9B75-4478-9645-9C66A4FE90CB}"
EndProject
Global
	GlobalSection(SolutionConfigurationPlatforms) = preSolution
		Debug|Any CPU = Debug|Any CPU
		Release|Any CPU = Release|Any CPU
	EndGlobalSection
	GlobalSection(ProjectConfigurationPlatforms) = postSolution
		{3E8D2523-9B75-4478-9645-9C66A4FE90CB}.Debug|Any CPU.ActiveCfg = Debug|Any CPU
		{3E8D2523-9B75-4478-9645-9C66A4FE90CB}.Debug|Any CPU.Build.0 = Debug|Any CPU
		{3E8D2523-9B75-4478-9645-9C66A4FE90CB}.Release|Any CPU.ActiveCfg = Release|Any CPU
		{3E8D2523-9B75-4478-9645-9C66A4FE90CB}.Release|Any CPU.Build.0 = Release|Any CPU
	EndGlobalSection
	GlobalSection(SolutionProperties) = preSolution
		HideSolutionNode = FALSE
	EndGlobalSection
	GlobalSection(ExtensibilityGlobals) = postSolution
		SolutionGuid = {8B245695-E1EF-40DC-8025-700F01B05D5A}
	EndGlobalSection
EndGlobal
